{
  "requires": true,
  "lockfileVersion": 1,
  "dependencies": {
    "create-next-app": {
      "version": "10.2.0",
      "resolved": "https://registry.npmjs.org/create-next-app/-/create-next-app-10.2.0.tgz",
      "integrity": "sha512-IG4/ex9QWF1XCUNMlxbnBqTkwtvlAV6ZxPw1/HYn3/NNgDcN3W6vIHAomU1VCFnfxqN7ce1bkCPHmij3hvqJ9w=="
    }
  }
}
